
Microsoft Visual Studio Solution File, Format Version 12.00
# Visual Studio Version 16
VisualStudioVersion = 16.0.29318.209
MinimumVisualStudioVersion = 10.0.40219.1
Project("{9A19103F-16F7-4668-BE54-9A1E7A4F7556}") = "AWS_Lambda", "AWS_Lambda\AWS_Lambda.csproj", "{51C9070C-BF95-4882-B15C-3065F054927A}"
EndProject
Project("{9A19103F-16F7-4668-BE54-9A1E7A4F7556}") = "S3Test", "S3Test\S3Test.csproj", "{60070D7D-5E78-4DB1-BCBE-22B44BCCB755}"
EndProject
Project("{9A19103F-16F7-4668-BE54-9A1E7A4F7556}") = "AWS_Serverless", "AWS_Serverless\AWS_Serverless.csproj", "{93F032A4-7C8B-493A-97EF-BE7724CB5ABE}"
EndProject
Global
	GlobalSection(SolutionConfigurationPlatforms) = preSolution
		Debug|Any CPU = Debug|Any CPU
		Release|Any CPU = Release|Any CPU
	EndGlobalSection
	GlobalSection(ProjectConfigurationPlatforms) = postSolution
		{51C9070C-BF95-4882-B15C-3065F054927A}.Debug|Any CPU.ActiveCfg = Debug|Any CPU
		{51C9070C-BF95-4882-B15C-3065F054927A}.Debug|Any CPU.Build.0 = Debug|Any CPU
		{51C9070C-BF95-4882-B15C-3065F054927A}.Release|Any CPU.ActiveCfg = Release|Any CPU
		{51C9070C-BF95-4882-B15C-3065F054927A}.Release|Any CPU.Build.0 = Release|Any CPU
		{60070D7D-5E78-4DB1-BCBE-22B44BCCB755}.Debug|Any CPU.ActiveCfg = Debug|Any CPU
		{60070D7D-5E78-4DB1-BCBE-22B44BCCB755}.Debug|Any CPU.Build.0 = Debug|Any CPU
		{60070D7D-5E78-4DB1-BCBE-22B44BCCB755}.Release|Any CPU.ActiveCfg = Release|Any CPU
		{60070D7D-5E78-4DB1-BCBE-22B44BCCB755}.Release|Any CPU.Build.0 = Release|Any CPU
		{93F032A4-7C8B-493A-97EF-BE7724CB5ABE}.Debug|Any CPU.ActiveCfg = Debug|Any CPU
		{93F032A4-7C8B-493A-97EF-BE7724CB5ABE}.Debug|Any CPU.Build.0 = Debug|Any CPU
		{93F032A4-7C8B-493A-97EF-BE7724CB5ABE}.Release|Any CPU.ActiveCfg = Release|Any CPU
		{93F032A4-7C8B-493A-97EF-BE7724CB5ABE}.Release|Any CPU.Build.0 = Release|Any CPU
	EndGlobalSection
	GlobalSection(SolutionProperties) = preSolution
		HideSolutionNode = FALSE
	EndGlobalSection
	GlobalSection(ExtensibilityGlobals) = postSolution
		SolutionGuid = {94FD8663-A75F-4442-A7F8-C1BAC5904C91}
	EndGlobalSection
EndGlobal
